<?xml version="1.0" encoding="utf-8"?>
<Project ToolsVersion="4.0" xmlns="http://schemas.microsoft.com/developer/msbuild/2003">
  <ItemGroup>
    <Filter Include="src">
      <UniqueIdentifier>{8b5349be-2448-4de0-98aa-99e6bf33b248}</UniqueIdentifier>
    </Filter>
    <Filter Include="include">
      <UniqueIdentifier>{0730a249-a87d-4bf8-8d64-c41792ce4eeb}</UniqueIdentifier>
    </Filter>
  </ItemGroup>
  <ItemGroup>
    <ClCompile Include="flip.cpp">
      <Filter>src</Filter>
    </ClCompile>
  </ItemGroup>
</Project>