<?xml version="1.0" encoding="utf-8"?>
<Project ToolsVersion="4.0" xmlns="http://schemas.microsoft.com/developer/msbuild/2003">
  <ItemGroup>
    <Filter Include="src">
      <UniqueIdentifier>{cace8363-37eb-40aa-a018-e3d33a6267de}</UniqueIdentifier>
    </Filter>
    <Filter Include="include">
      <UniqueIdentifier>{fb96213b-0f71-4b53-8e71-44eb9946c842}</UniqueIdentifier>
    </Filter>
  </ItemGroup>
  <ItemGroup>
    <ClCompile Include="gravity.cpp">
      <Filter>src</Filter>
    </ClCompile>
  </ItemGroup>
</Project>