
Microsoft Visual Studio Solution File, Format Version 12.00
# Visual Studio 14
VisualStudioVersion = 14.0.24720.0
MinimumVisualStudioVersion = 10.0.40219.1
Project("{8BC9CEB8-8B4A-11D0-8D11-00A0C91BC942}") = "button", "button.vcxproj", "{36CEC7CD-F765-4583-A2F4-831A8243B014}"
EndProject
Project("{8BC9CEB8-8B4A-11D0-8D11-00A0C91BC942}") = "demo", "demo.vcxproj", "{23EC2477-3077-434B-BFF2-26C38C5718D3}"
EndProject
Project("{8BC9CEB8-8B4A-11D0-8D11-00A0C91BC942}") = "detrans", "detrans.vcxproj", "{ABCB4DC0-A6C7-4C36-9F73-9EDE6528A846}"
EndProject
Project("{8BC9CEB8-8B4A-11D0-8D11-00A0C91BC942}") = "flip", "flip.vcxproj", "{D4F63B42-E0AF-4BCF-8045-EB020BCDBD43}"
EndProject
Project("{8BC9CEB8-8B4A-11D0-8D11-00A0C91BC942}") = "gravity", "gravity.vcxproj", "{EE92D777-64C6-451D-8044-1045BF92B3E5}"
EndProject
Project("{8BC9CEB8-8B4A-11D0-8D11-00A0C91BC942}") = "piddle", "piddle.vcxproj", "{0D57360C-CA9E-4015-B63D-E3616919F6EE}"
EndProject
Project("{8BC9CEB8-8B4A-11D0-8D11-00A0C91BC942}") = "shapes", "shapes.vcxproj", "{7E85ABDD-3AF6-4574-8773-75344F5A79FC}"
EndProject
Project("{8BC9CEB8-8B4A-11D0-8D11-00A0C91BC942}") = "zoom", "zoom.vcxproj", "{D81B454B-D937-4BF0-B73C-10856DB20457}"
EndProject
Global
	GlobalSection(SolutionConfigurationPlatforms) = preSolution
		Release|ARM = Release|ARM
		Release|x64 = Release|x64
		Release|x86 = Release|x86
		Template|ARM = Template|ARM
		Template|x64 = Template|x64
		Template|x86 = Template|x86
	EndGlobalSection
	GlobalSection(ProjectConfigurationPlatforms) = postSolution
		{36CEC7CD-F765-4583-A2F4-831A8243B014}.Release|ARM.ActiveCfg = Release|Win32
		{36CEC7CD-F765-4583-A2F4-831A8243B014}.Release|x64.ActiveCfg = Release|x64
		{36CEC7CD-F765-4583-A2F4-831A8243B014}.Release|x64.Build.0 = Release|x64
		{36CEC7CD-F765-4583-A2F4-831A8243B014}.Release|x86.ActiveCfg = Release|Win32
		{36CEC7CD-F765-4583-A2F4-831A8243B014}.Release|x86.Build.0 = Release|Win32
		{36CEC7CD-F765-4583-A2F4-831A8243B014}.Template|ARM.ActiveCfg = Release|x64
		{36CEC7CD-F765-4583-A2F4-831A8243B014}.Template|ARM.Build.0 = Release|x64
		{36CEC7CD-F765-4583-A2F4-831A8243B014}.Template|x64.ActiveCfg = Release|x64
		{36CEC7CD-F765-4583-A2F4-831A8243B014}.Template|x64.Build.0 = Release|x64
		{36CEC7CD-F765-4583-A2F4-831A8243B014}.Template|x86.ActiveCfg = Release|Win32
		{36CEC7CD-F765-4583-A2F4-831A8243B014}.Template|x86.Build.0 = Release|Win32
		{23EC2477-3077-434B-BFF2-26C38C5718D3}.Release|ARM.ActiveCfg = Release|Win32
		{23EC2477-3077-434B-BFF2-26C38C5718D3}.Release|ARM.Build.0 = Release|Win32
		{23EC2477-3077-434B-BFF2-26C38C5718D3}.Release|x64.ActiveCfg = Release|Win32
		{23EC2477-3077-434B-BFF2-26C38C5718D3}.Release|x86.ActiveCfg = Release|Win32
		{23EC2477-3077-434B-BFF2-26C38C5718D3}.Release|x86.Build.0 = Release|Win32
		{23EC2477-3077-434B-BFF2-26C38C5718D3}.Template|ARM.ActiveCfg = Template|Win32
		{23EC2477-3077-434B-BFF2-26C38C5718D3}.Template|x64.ActiveCfg = Template|Win32
		{23EC2477-3077-434B-BFF2-26C38C5718D3}.Template|x86.ActiveCfg = Template|Win32
		{23EC2477-3077-434B-BFF2-26C38C5718D3}.Template|x86.Build.0 = Template|Win32
		{ABCB4DC0-A6C7-4C36-9F73-9EDE6528A846}.Release|ARM.ActiveCfg = Release|Win32
		{ABCB4DC0-A6C7-4C36-9F73-9EDE6528A846}.Release|x64.ActiveCfg = Release|Win32
		{ABCB4DC0-A6C7-4C36-9F73-9EDE6528A846}.Release|x86.ActiveCfg = Release|Win32
		{ABCB4DC0-A6C7-4C36-9F73-9EDE6528A846}.Release|x86.Build.0 = Release|Win32
		{ABCB4DC0-A6C7-4C36-9F73-9EDE6528A846}.Template|ARM.ActiveCfg = Template|Win32
		{ABCB4DC0-A6C7-4C36-9F73-9EDE6528A846}.Template|x64.ActiveCfg = Template|Win32
		{ABCB4DC0-A6C7-4C36-9F73-9EDE6528A846}.Template|x86.ActiveCfg = Template|Win32
		{ABCB4DC0-A6C7-4C36-9F73-9EDE6528A846}.Template|x86.Build.0 = Template|Win32
		{D4F63B42-E0AF-4BCF-8045-EB020BCDBD43}.Release|ARM.ActiveCfg = Release|Win32
		{D4F63B42-E0AF-4BCF-8045-EB020BCDBD43}.Release|x64.ActiveCfg = Release|Win32
		{D4F63B42-E0AF-4BCF-8045-EB020BCDBD43}.Release|x86.ActiveCfg = Release|Win32
		{D4F63B42-E0AF-4BCF-8045-EB020BCDBD43}.Release|x86.Build.0 = Release|Win32
		{D4F63B42-E0AF-4BCF-8045-EB020BCDBD43}.Template|ARM.ActiveCfg = Template|Win32
		{D4F63B42-E0AF-4BCF-8045-EB020BCDBD43}.Template|x64.ActiveCfg = Template|Win32
		{D4F63B42-E0AF-4BCF-8045-EB020BCDBD43}.Template|x86.ActiveCfg = Template|Win32
		{D4F63B42-E0AF-4BCF-8045-EB020BCDBD43}.Template|x86.Build.0 = Template|Win32
		{EE92D777-64C6-451D-8044-1045BF92B3E5}.Release|ARM.ActiveCfg = Release|Win32
		{EE92D777-64C6-451D-8044-1045BF92B3E5}.Release|x64.ActiveCfg = Release|Win32
		{EE92D777-64C6-451D-8044-1045BF92B3E5}.Release|x86.ActiveCfg = Release|Win32
		{EE92D777-64C6-451D-8044-1045BF92B3E5}.Release|x86.Build.0 = Release|Win32
		{EE92D777-64C6-451D-8044-1045BF92B3E5}.Template|ARM.ActiveCfg = Template|Win32
		{EE92D777-64C6-451D-8044-1045BF92B3E5}.Template|x64.ActiveCfg = Template|Win32
		{EE92D777-64C6-451D-8044-1045BF92B3E5}.Template|x86.ActiveCfg = Template|Win32
		{EE92D777-64C6-451D-8044-1045BF92B3E5}.Template|x86.Build.0 = Template|Win32
		{0D57360C-CA9E-4015-B63D-E3616919F6EE}.Release|ARM.ActiveCfg = Release|Win32
		{0D57360C-CA9E-4015-B63D-E3616919F6EE}.Release|x64.ActiveCfg = Release|Win32
		{0D57360C-CA9E-4015-B63D-E3616919F6EE}.Release|x86.ActiveCfg = Release|Win32
		{0D57360C-CA9E-4015-B63D-E3616919F6EE}.Release|x86.Build.0 = Release|Win32
		{0D57360C-CA9E-4015-B63D-E3616919F6EE}.Template|ARM.ActiveCfg = Template|Win32
		{0D57360C-CA9E-4015-B63D-E3616919F6EE}.Template|x64.ActiveCfg = Template|Win32
		{0D57360C-CA9E-4015-B63D-E3616919F6EE}.Template|x86.ActiveCfg = Template|Win32
		{0D57360C-CA9E-4015-B63D-E3616919F6EE}.Template|x86.Build.0 = Template|Win32
		{7E85ABDD-3AF6-4574-8773-75344F5A79FC}.Release|ARM.ActiveCfg = Release|Win32
		{7E85ABDD-3AF6-4574-8773-75344F5A79FC}.Release|x64.ActiveCfg = Release|Win32
		{7E85ABDD-3AF6-4574-8773-75344F5A79FC}.Release|x86.ActiveCfg = Release|Win32
		{7E85ABDD-3AF6-4574-8773-75344F5A79FC}.Release|x86.Build.0 = Release|Win32
		{7E85ABDD-3AF6-4574-8773-75344F5A79FC}.Template|ARM.ActiveCfg = Template|Win32
		{7E85ABDD-3AF6-4574-8773-75344F5A79FC}.Template|x64.ActiveCfg = Template|Win32
		{7E85ABDD-3AF6-4574-8773-75344F5A79FC}.Template|x86.ActiveCfg = Template|Win32
		{7E85ABDD-3AF6-4574-8773-75344F5A79FC}.Template|x86.Build.0 = Template|Win32
		{D81B454B-D937-4BF0-B73C-10856DB20457}.Release|ARM.ActiveCfg = Release|Win32
		{D81B454B-D937-4BF0-B73C-10856DB20457}.Release|x64.ActiveCfg = Release|Win32
		{D81B454B-D937-4BF0-B73C-10856DB20457}.Release|x86.ActiveCfg = Release|Win32
		{D81B454B-D937-4BF0-B73C-10856DB20457}.Release|x86.Build.0 = Release|Win32
		{D81B454B-D937-4BF0-B73C-10856DB20457}.Template|ARM.ActiveCfg = Template|Win32
		{D81B454B-D937-4BF0-B73C-10856DB20457}.Template|x64.ActiveCfg = Template|Win32
		{D81B454B-D937-4BF0-B73C-10856DB20457}.Template|x86.ActiveCfg = Template|Win32
		{D81B454B-D937-4BF0-B73C-10856DB20457}.Template|x86.Build.0 = Template|Win32
	EndGlobalSection
	GlobalSection(SolutionProperties) = preSolution
		HideSolutionNode = FALSE
	EndGlobalSection
EndGlobal
