<?xml version="1.0" encoding="utf-8"?>
<Project ToolsVersion="4.0" xmlns="http://schemas.microsoft.com/developer/msbuild/2003">
  <ItemGroup>
    <Filter Include="src">
      <UniqueIdentifier>{8070b6f8-2b24-4109-8213-b3bf5b2511fd}</UniqueIdentifier>
    </Filter>
    <Filter Include="include">
      <UniqueIdentifier>{052a22a3-f395-4839-9f48-8adde29098e4}</UniqueIdentifier>
    </Filter>
  </ItemGroup>
  <ItemGroup>
    <ClCompile Include="shapes.cpp">
      <Filter>src</Filter>
    </ClCompile>
  </ItemGroup>
</Project>